{
    "_readme": [
        "This file locks the dependencies of your project to a known state",
        "Read more about it at https://getcomposer.org/doc/01-basic-usage.md#installing-dependencies",
        "This file is @generated automatically"
    ],
    "content-hash": "1e2586dac0a9534c3d97f813b38d1582",
    "packages": [
        {
            "name": "composer/installers",
            "version": "v1.0.21",
            "source": {
                "type": "git",
                "url": "https://github.com/composer/installers.git",
                "reference": "d64e23fce42a4063d63262b19b8e7c0f3b5e4c45"
            },
            "dist": {
                "type": "zip",
                "url": "https://api.github.com/repos/composer/installers/zipball/d64e23fce42a4063d63262b19b8e7c0f3b5e4c45",
                "reference": "d64e23fce42a4063d63262b19b8e7c0f3b5e4c45",
                "shasum": ""
            },
            "replace": {
                "roundcube/plugin-installer": "*",
                "shama/baton": "*"
            },
            "require-dev": {
                "composer/composer": "1.0.*@dev",
                "phpunit/phpunit": "4.1.*"
            },
            "type": "composer-installer",
            "extra": {
                "class": "Composer\\Installers\\Installer",
                "branch-alias": {
                    "dev-master": "1.0-dev"
                }
            },
            "autoload": {
                "psr-0": {
                    "Composer\\Installers\\": "src/"
                }
            },
            "notification-url": "https://packagist.org/downloads/",
            "license": [
                "MIT"
            ],
            "authors": [
                {
                    "name": "Kyle Robinson Young",
                    "email": "kyle@dontkry.com",
                    "homepage": "https://github.com/shama"
                }
            ],
            "description": "A multi-framework Composer library installer",
            "homepage": "http://composer.github.com/installers/",
            "keywords": [
                "Craft",
                "Dolibarr",
                "Hurad",
                "MODX Evo",
                "OXID",
                "SMF",
                "Thelia",
                "WolfCMS",
                "agl",
                "aimeos",
                "annotatecms",
                "bitrix",
                "cakephp",
                "chef",
                "codeigniter",
                "concrete5",
                "croogo",
                "dokuwiki",
                "drupal",
                "elgg",
                "fuelphp",
                "grav",
                "installer",
                "joomla",
                "kohana",
                "laravel",
                "lithium",
                "magento",
                "mako",
                "mediawiki",
                "modulework",
                "moodle",
                "phpbb",
                "piwik",
                "ppi",
                "puppet",
                "roundcube",
                "shopware",
                "silverstripe",
                "symfony",
                "typo3",
                "wordpress",
                "zend",
                "zikula"
            ],
            "support": {
                "issues": "https://github.com/composer/installers/issues",
                "source": "https://github.com/composer/installers/tree/master"
            },
            "time": "2015-02-18T17:17:01+00:00"
        },
        {
            "name": "johnpbloch/wordpress",
            "version": "dev-master",
            "source": {
                "type": "git",
                "url": "https://github.com/johnpbloch/wordpress.git",
                "reference": "e9fe06fe97451804d07e7d3e1e99da34a2b97b69"
            },
            "dist": {
                "type": "zip",
                "url": "https://api.github.com/repos/johnpbloch/wordpress/zipball/e9fe06fe97451804d07e7d3e1e99da34a2b97b69",
                "reference": "e9fe06fe97451804d07e7d3e1e99da34a2b97b69",
                "shasum": ""
            },
            "require": {
                "johnpbloch/wordpress-core": "dev-master",
                "johnpbloch/wordpress-core-installer": "^1.0 || ^2.0",
                "php": ">=7.0.0"
            },
            "default-branch": true,
            "type": "package",
            "notification-url": "https://packagist.org/downloads/",
            "license": [
                "GPL-2.0-or-later"
            ],
            "authors": [
                {
                    "name": "WordPress Community",
                    "homepage": "https://wordpress.org/about/"
                }
            ],
            "description": "WordPress is open source software you can use to create a beautiful website, blog, or app.",
            "homepage": "https://wordpress.org/",
            "keywords": [
                "blog",
                "cms",
                "wordpress"
            ],
            "support": {
                "docs": "https://developer.wordpress.org/",
                "forum": "https://wordpress.org/support/",
                "irc": "irc://irc.freenode.net/wordpress",
                "issues": "https://core.trac.wordpress.org/",
                "source": "https://core.trac.wordpress.org/browser"
            },
            "time": "2023-08-10T19:57:39+00:00"
        },
        {
            "name": "johnpbloch/wordpress-core",
            "version": "dev-master",
            "source": {
                "type": "git",
                "url": "https://github.com/johnpbloch/wordpress-core.git",
                "reference": "896e84923a8b42caf48dbbd031324e067b4cd461"
            },
            "dist": {
                "type": "zip",
                "url": "https://api.github.com/repos/johnpbloch/wordpress-core/zipball/896e84923a8b42caf48dbbd031324e067b4cd461",
                "reference": "896e84923a8b42caf48dbbd031324e067b4cd461",
                "shasum": ""
            },
            "require": {
                "ext-json": "*",
                "php": ">=7.0.0"
            },
            "provide": {
                "wordpress/core-implementation": "dev-master"
            },
            "default-branch": true,
            "type": "wordpress-core",
            "notification-url": "https://packagist.org/downloads/",
            "license": [
                "GPL-2.0-or-later"
            ],
            "authors": [
                {
                    "name": "WordPress Community",
                    "homepage": "https://wordpress.org/about/"
                }
            ],
            "description": "WordPress is open source software you can use to create a beautiful website, blog, or app.",
            "homepage": "https://wordpress.org/",
            "keywords": [
                "blog",
                "cms",
                "wordpress"
            ],
            "support": {
                "forum": "https://wordpress.org/support/",
                "irc": "irc://irc.freenode.net/wordpress",
                "issues": "https://core.trac.wordpress.org/",
                "source": "https://core.trac.wordpress.org/browser",
                "wiki": "https://codex.wordpress.org/"
            },
            "time": "2024-04-02T19:31:15+00:00"
        },
        {
            "name": "johnpbloch/wordpress-core-installer",
            "version": "2.0.0",
            "source": {
                "type": "git",
                "url": "https://github.com/johnpbloch/wordpress-core-installer.git",
                "reference": "237faae9a60a4a2e1d45dce1a5836ffa616de63e"
            },
            "dist": {
                "type": "zip",
                "url": "https://api.github.com/repos/johnpbloch/wordpress-core-installer/zipball/237faae9a60a4a2e1d45dce1a5836ffa616de63e",
                "reference": "237faae9a60a4a2e1d45dce1a5836ffa616de63e",
                "shasum": ""
            },
            "require": {
                "composer-plugin-api": "^1.0 || ^2.0",
                "php": ">=5.6.0"
            },
            "conflict": {
                "composer/installers": "<1.0.6"
            },
            "require-dev": {
                "composer/composer": "^1.0 || ^2.0",
                "phpunit/phpunit": ">=5.7.27"
            },
            "type": "composer-plugin",
            "extra": {
                "class": "johnpbloch\\Composer\\WordPressCorePlugin"
            },
            "autoload": {
                "psr-0": {
                    "johnpbloch\\Composer\\": "src/"
                }
            },
            "notification-url": "https://packagist.org/downloads/",
            "license": [
                "GPL-2.0-or-later"
            ],
            "authors": [
                {
                    "name": "John P. Bloch",
                    "email": "me@johnpbloch.com"
                }
            ],
            "description": "A custom installer to handle deploying WordPress with composer",
            "keywords": [
                "wordpress"
            ],
            "support": {
                "issues": "https://github.com/johnpbloch/wordpress-core-installer/issues",
                "source": "https://github.com/johnpbloch/wordpress-core-installer/tree/master"
            },
            "time": "2020-04-16T21:44:57+00:00"
        },
        {
            "name": "roots/soil",
            "version": "dev-main",
            "source": {
                "type": "git",
                "url": "https://github.com/roots/soil.git",
                "reference": "b9d615591ba0182d279e31f539cccae52910b108"
            },
            "dist": {
                "type": "zip",
                "url": "https://api.github.com/repos/roots/soil/zipball/b9d615591ba0182d279e31f539cccae52910b108",
                "reference": "b9d615591ba0182d279e31f539cccae52910b108",
                "shasum": ""
            },
            "require": {
                "php": ">=5.6.0"
            },
            "require-dev": {
                "brain/monkey": "^2.5",
                "dealerdirect/phpcodesniffer-composer-installer": "^0.7.0",
                "mockery/mockery": "^1.3 | ^1.4",
                "phpcompatibility/php-compatibility": "^9.3",
                "phpunit/phpunit": "<= 9.3",
                "squizlabs/php_codesniffer": "^3.5",
                "wp-coding-standards/wpcs": "^2.3"
            },
            "default-branch": true,
            "type": "wordpress-plugin",
            "autoload": {
                "files": [
                    "src/helpers.php"
                ],
                "psr-4": {
                    "Roots\\Soil\\": "src/"
                }
            },
            "notification-url": "https://packagist.org/downloads/",
            "license": [
                "MIT"
            ],
            "authors": [
                {
                    "name": "Ben Word",
                    "email": "ben@benword.com",
                    "homepage": "https://github.com/retlehs"
                },
                {
                    "name": "Scott Walkinshaw",
                    "email": "scott.walkinshaw@gmail.com",
                    "homepage": "https://github.com/swalkinshaw"
                },
                {
                    "name": "QWp6t",
                    "email": "craig@roots.io",
                    "homepage": "https://github.com/qwp6t"
                }
            ],
            "description": "A WordPress plugin which contains a collection of modules to apply theme-agnostic front-end modifications",
            "homepage": "https://roots.io/plugins/soil/",
            "keywords": [
                "wordpress"
            ],
            "support": {
                "forum": "https://discourse.roots.io/",
                "issues": "https://github.com/roots/soil/issues",
                "source": "https://github.com/roots/soil/tree/main"
            },
            "funding": [
                {
                    "url": "https://roots.io/plugins/soil/",
                    "type": "custom"
                },
                {
                    "url": "https://www.patreon.com/rootsdev",
                    "type": "patreon"
                }
            ],
            "abandoned": "roots/acorn-prettify",
            "time": "2024-01-16T15:14:12+00:00"
        },
        {
            "name": "vinnyrags/advanced-custom-fields-pro",
            "version": "dev-main",
            "source": {
                "type": "git",
                "url": "https://github.com/vinnyrags/advanced-custom-fields-pro.git",
                "reference": "dbfaa5eace8d40af662eeda13e3bfbc1e1871103"
            },
            "dist": {
                "type": "zip",
                "url": "https://api.github.com/repos/vinnyrags/advanced-custom-fields-pro/zipball/dbfaa5eace8d40af662eeda13e3bfbc1e1871103",
                "reference": "dbfaa5eace8d40af662eeda13e3bfbc1e1871103",
                "shasum": ""
            },
            "default-branch": true,
            "type": "wordpress-plugin",
            "license": [
                "GPL-3.0"
            ],
            "description": "Copy of ACF Pro so we can use it in our composer architecture.",
            "support": {
                "source": "https://github.com/vinnyrags/advanced-custom-fields-pro/tree/main",
                "issues": "https://github.com/vinnyrags/advanced-custom-fields-pro/issues"
            },
            "time": "2024-04-03T03:10:08+00:00"
        },
        {
            "name": "vinnyrags/devanime",
            "version": "dev-main",
            "source": {
                "type": "git",
                "url": "https://github.com/vinnyrags/devanime.git",
                "reference": "a488fe80f17fb3aafa24002f7f2880a7210d8cba"
            },
            "dist": {
                "type": "zip",
                "url": "https://api.github.com/repos/vinnyrags/devanime/zipball/a488fe80f17fb3aafa24002f7f2880a7210d8cba",
                "reference": "a488fe80f17fb3aafa24002f7f2880a7210d8cba",
                "shasum": ""
            },
            "require": {
                "php": ">=8.2"
            },
            "default-branch": true,
            "type": "wordpress-theme",
            "autoload": {
                "psr-4": {
                    "DevAnime\\": "lib/"
                }
            },
            "authors": [
                {
                    "name": "Vincent Ragosta",
                    "email": "vincentpasqualeragosta@gmail.com",
                    "homepage": "https://www.vincentragosta.io"
                }
            ],
            "description": "The parent theme used to start all new website builds.",
            "support": {
                "source": "https://github.com/vinnyrags/devanime/tree/main",
                "issues": "https://github.com/vinnyrags/devanime/issues"
            },
            "time": "2024-04-03T04:30:28+00:00"
        },
        {
            "name": "vinnyrags/visual-composer",
            "version": "dev-main",
            "source": {
                "type": "git",
                "url": "https://github.com/vinnyrags/visual-composer.git",
                "reference": "23526983c57bc5daa6ce60fc06f07141c1dcd61e"
            },
            "dist": {
                "type": "zip",
                "url": "https://api.github.com/repos/vinnyrags/visual-composer/zipball/23526983c57bc5daa6ce60fc06f07141c1dcd61e",
                "reference": "23526983c57bc5daa6ce60fc06f07141c1dcd61e",
                "shasum": ""
            },
            "default-branch": true,
            "type": "wordpress-plugin",
            "license": [
                "GPL-3.0"
            ],
            "description": "Copy of Visual Composer so we can use it in our composer architecture.",
            "support": {
                "source": "https://github.com/vinnyrags/visual-composer/tree/main",
                "issues": "https://github.com/vinnyrags/visual-composer/issues"
            },
            "time": "2024-03-31T03:42:04+00:00"
        },
        {
            "name": "vinnyrags/wordpress-seo-premium",
            "version": "dev-main",
            "source": {
                "type": "git",
                "url": "https://github.com/vinnyrags/wordpress-seo-premium.git",
                "reference": "da0ed444cd7976c2c6fa60ecb7386d387ab860f1"
            },
            "dist": {
                "type": "zip",
                "url": "https://api.github.com/repos/vinnyrags/wordpress-seo-premium/zipball/da0ed444cd7976c2c6fa60ecb7386d387ab860f1",
                "reference": "da0ed444cd7976c2c6fa60ecb7386d387ab860f1",
                "shasum": ""
            },
            "require": {
                "composer/installers": "~1.0",
                "php": ">=8.2"
            },
            "default-branch": true,
            "type": "wordpress-plugin",
            "license": [
                "GPL-3.0"
            ],
            "description": "Wordpress Premium SEO for all website builds.",
            "support": {
                "source": "https://github.com/vinnyrags/wordpress-seo-premium/tree/main",
                "issues": "https://github.com/vinnyrags/wordpress-seo-premium/issues"
            },
            "time": "2024-04-03T03:44:57+00:00"
        },
        {
            "name": "wp-sync-db/wp-sync-db",
            "version": "dev-master",
            "source": {
                "type": "git",
                "url": "https://github.com/wp-sync-db/wp-sync-db.git",
                "reference": "575aef7cc5fa005d0c104a83426d91435ebd5b8b"
            },
            "dist": {
                "type": "zip",
                "url": "https://api.github.com/repos/wp-sync-db/wp-sync-db/zipball/575aef7cc5fa005d0c104a83426d91435ebd5b8b",
                "reference": "575aef7cc5fa005d0c104a83426d91435ebd5b8b",
                "shasum": ""
            },
            "require": {
                "composer/installers": "~1.0.6"
            },
            "default-branch": true,
            "type": "wordpress-plugin",
            "notification-url": "https://packagist.org/downloads/",
            "license": [
                "GPL-2.0"
            ],
            "description": "WP Sync DB eliminates the manual work of migrating a WP database.",
            "homepage": "https://github.com/wp-sync-db/wp-sync-db",
            "keywords": [
                "db",
                "plugin",
                "wordpress",
                "wp-sync-db"
            ],
            "support": {
                "issues": "https://github.com/wp-sync-db/wp-sync-db/issues",
                "source": "https://github.com/wp-sync-db/wp-sync-db/tree/master"
            },
            "time": "2018-08-07T15:10:28+00:00"
        },
        {
            "name": "wp-sync-db/wp-sync-db-media-files",
            "version": "dev-master",
            "source": {
                "type": "git",
                "url": "https://github.com/wp-sync-db/wp-sync-db-media-files.git",
                "reference": "cebf64eb528532d627284353278b284bb12e7ef1"
            },
            "dist": {
                "type": "zip",
                "url": "https://api.github.com/repos/wp-sync-db/wp-sync-db-media-files/zipball/cebf64eb528532d627284353278b284bb12e7ef1",
                "reference": "cebf64eb528532d627284353278b284bb12e7ef1",
                "shasum": ""
            },
            "require": {
                "composer/installers": "~1.0.6"
            },
            "default-branch": true,
            "type": "wordpress-plugin",
            "notification-url": "https://packagist.org/downloads/",
            "license": [
                "GPL-2.0"
            ],
            "description": "WP Sync DB Media File Addon for WP Sync DB",
            "homepage": "https://github.com/wp-sync-db/wp-sync-db-media-files",
            "keywords": [
                "media",
                "plugin",
                "wordpress",
                "wp-sync-db"
            ],
            "support": {
                "issues": "https://github.com/wp-sync-db/wp-sync-db-media-files/issues",
                "source": "https://github.com/wp-sync-db/wp-sync-db-media-files/tree/master"
            },
            "time": "2016-03-07T16:34:12+00:00"
        },
        {
            "name": "wpackagist-plugin/bu-versions",
            "version": "0.7.8",
            "source": {
                "type": "svn",
                "url": "https://plugins.svn.wordpress.org/bu-versions/",
                "reference": "tags/0.7.8"
            },
            "dist": {
                "type": "zip",
                "url": "https://downloads.wordpress.org/plugin/bu-versions.0.7.8.zip"
            },
            "require": {
                "composer/installers": "^1.0 || ^2.0"
            },
            "type": "wordpress-plugin",
            "homepage": "https://wordpress.org/plugins/bu-versions/"
        },
        {
            "name": "wpackagist-plugin/classic-editor",
            "version": "1.6.3",
            "source": {
                "type": "svn",
                "url": "https://plugins.svn.wordpress.org/classic-editor/",
                "reference": "tags/1.6.3"
            },
            "dist": {
                "type": "zip",
                "url": "https://downloads.wordpress.org/plugin/classic-editor.1.6.3.zip"
            },
            "require": {
                "composer/installers": "^1.0 || ^2.0"
            },
            "type": "wordpress-plugin",
            "homepage": "https://wordpress.org/plugins/classic-editor/"
        },
        {
            "name": "wpackagist-plugin/imagify",
            "version": "2.2.1",
            "source": {
                "type": "svn",
                "url": "https://plugins.svn.wordpress.org/imagify/",
                "reference": "tags/2.2.1"
            },
            "dist": {
                "type": "zip",
                "url": "https://downloads.wordpress.org/plugin/imagify.2.2.1.zip"
            },
            "require": {
                "composer/installers": "^1.0 || ^2.0"
            },
            "type": "wordpress-plugin",
            "homepage": "https://wordpress.org/plugins/imagify/"
        }
    ],
    "packages-dev": [
        {
            "name": "kint-php/kint",
            "version": "2.x-dev",
            "source": {
                "type": "git",
                "url": "https://github.com/kint-php/kint.git",
                "reference": "3b8a243546416d24c777142acd226873494a7735"
            },
            "dist": {
                "type": "zip",
                "url": "https://api.github.com/repos/kint-php/kint/zipball/3b8a243546416d24c777142acd226873494a7735",
                "reference": "3b8a243546416d24c777142acd226873494a7735",
                "shasum": ""
            },
            "require": {
                "php": ">=5.1.2"
            },
            "require-dev": {
                "friendsofphp/php-cs-fixer": "^2.0",
                "phpunit/phpunit": "^4.0",
                "symfony/finder": "^2.6"
            },
            "type": "library",
            "autoload": {
                "files": [
                    "init.php"
                ],
                "classmap": [
                    "src/"
                ]
            },
            "notification-url": "https://packagist.org/downloads/",
            "license": [
                "MIT"
            ],
            "authors": [
                {
                    "name": "Jonathan Vollebregt",
                    "homepage": "https://github.com/jnvsor"
                },
                {
                    "name": "Rokas Šleinius",
                    "homepage": "https://github.com/raveren"
                },
                {
                    "name": "Contributors",
                    "homepage": "https://github.com/kint-php/kint/graphs/contributors"
                }
            ],
            "description": "Kint - debugging tool for PHP developers",
            "homepage": "https://kint-php.github.io/kint/",
            "keywords": [
                "debug",
                "kint",
                "php"
            ],
            "support": {
                "issues": "https://github.com/kint-php/kint/issues",
                "source": "https://github.com/kint-php/kint/tree/2.x"
            },
            "time": "2020-07-21T10:02:03+00:00"
        },
        {
            "name": "wp-sync-db/wp-sync-db-cli",
            "version": "dev-master",
            "source": {
                "type": "git",
                "url": "https://github.com/wp-sync-db/wp-sync-db-cli.git",
                "reference": "e25e4ca98d89599556cc6ef5ce11461403893dd2"
            },
            "dist": {
                "type": "zip",
                "url": "https://api.github.com/repos/wp-sync-db/wp-sync-db-cli/zipball/e25e4ca98d89599556cc6ef5ce11461403893dd2",
                "reference": "e25e4ca98d89599556cc6ef5ce11461403893dd2",
                "shasum": ""
            },
            "require": {
                "composer/installers": "~1.0.6"
            },
            "default-branch": true,
            "type": "wordpress-plugin",
            "notification-url": "https://packagist.org/downloads/",
            "license": [
                "GPL-2.0"
            ],
            "description": "WP Sync DB CLI Addon",
            "homepage": "https://github.com/wp-sync-db/wp-sync-db-cli",
            "keywords": [
                "cli",
                "plugin",
                "wordpress",
                "wp-sync-db"
            ],
            "support": {
                "issues": "https://github.com/wp-sync-db/wp-sync-db-cli/issues",
                "source": "https://github.com/wp-sync-db/wp-sync-db-cli/tree/master"
            },
            "time": "2016-03-07T16:34:49+00:00"
        }
    ],
    "aliases": [],
    "minimum-stability": "dev",
    "stability-flags": {
        "wp-sync-db/wp-sync-db": 20,
        "wp-sync-db/wp-sync-db-media-files": 20,
        "vinnyrags/wordpress-seo-premium": 20,
        "vinnyrags/advanced-custom-fields-pro": 20,
        "vinnyrags/devanime": 20,
        "vinnyrags/visual-composer": 20,
        "wp-sync-db/wp-sync-db-cli": 20
    },
    "prefer-stable": false,
    "prefer-lowest": false,
    "platform": {
        "ext-json": "*"
    },
    "platform-dev": [],
    "platform-overrides": {
        "php": "8.2"
    },
    "plugin-api-version": "2.3.0"
}
